{
  "name": "chat-react",
  "lockfileVersion": 2,
  "requires": true,
  "packages": {
    "": {
      "dependencies": {
        "@firebase/firestore-types": "^2.3.0"
      }
    },
    "node_modules/@firebase/app-types": {
      "version": "0.6.3",
      "resolved": "https://registry.npmjs.org/@firebase/app-types/-/app-types-0.6.3.tgz",
      "integrity": "sha512-/M13DPPati7FQHEQ9Minjk1HGLm/4K4gs9bR4rzLCWJg64yGtVC0zNg9gDpkw9yc2cvol/mNFxqTtd4geGrwdw==",
      "peer": true
    },
    "node_modules/@firebase/firestore-types": {
      "version": "2.3.0",
      "resolved": "https://registry.npmjs.org/@firebase/firestore-types/-/firestore-types-2.3.0.tgz",
      "integrity": "sha512-QTW7NP7nDL0pgT/X53lyj+mIMh4nRQBBTBlRNQBt7eSyeqBf3ag3bxdQhCg358+5KbjYTC2/O6QtX9DlJZmh1A==",
      "peerDependencies": {
        "@firebase/app-types": "0.x",
        "@firebase/util": "1.x"
      }
    },
    "node_modules/@firebase/util": {
      "version": "1.2.0",
      "resolved": "https://registry.npmjs.org/@firebase/util/-/util-1.2.0.tgz",
      "integrity": "sha512-8W9TTGImXr9cu+oyjBJ7yjoEd/IVAv0pBZA4c1uIuKrpGZi2ee38m+8xlZOBRmsAaOU/tR9DXz1WF/oeM6Fb7Q==",
      "peer": true,
      "dependencies": {
        "tslib": "^2.1.0"
      }
    },
    "node_modules/tslib": {
      "version": "2.3.0",
      "resolved": "https://registry.npmjs.org/tslib/-/tslib-2.3.0.tgz",
      "integrity": "sha512-N82ooyxVNm6h1riLCoyS9e3fuJ3AMG2zIZs2Gd1ATcSFjSA23Q0fzjjZeh0jbJvWVDZ0cJT8yaNNaaXHzueNjg==",
      "peer": true
    }
  },
  "dependencies": {
    "@firebase/app-types": {
      "version": "0.6.3",
      "resolved": "https://registry.npmjs.org/@firebase/app-types/-/app-types-0.6.3.tgz",
      "integrity": "sha512-/M13DPPati7FQHEQ9Minjk1HGLm/4K4gs9bR4rzLCWJg64yGtVC0zNg9gDpkw9yc2cvol/mNFxqTtd4geGrwdw==",
      "peer": true
    },
    "@firebase/firestore-types": {
      "version": "2.3.0",
      "resolved": "https://registry.npmjs.org/@firebase/firestore-types/-/firestore-types-2.3.0.tgz",
      "integrity": "sha512-QTW7NP7nDL0pgT/X53lyj+mIMh4nRQBBTBlRNQBt7eSyeqBf3ag3bxdQhCg358+5KbjYTC2/O6QtX9DlJZmh1A==",
      "requires": {}
    },
    "@firebase/util": {
      "version": "1.2.0",
      "resolved": "https://registry.npmjs.org/@firebase/util/-/util-1.2.0.tgz",
      "integrity": "sha512-8W9TTGImXr9cu+oyjBJ7yjoEd/IVAv0pBZA4c1uIuKrpGZi2ee38m+8xlZOBRmsAaOU/tR9DXz1WF/oeM6Fb7Q==",
      "peer": true,
      "requires": {
        "tslib": "^2.1.0"
      }
    },
    "tslib": {
      "version": "2.3.0",
      "resolved": "https://registry.npmjs.org/tslib/-/tslib-2.3.0.tgz",
      "integrity": "sha512-N82ooyxVNm6h1riLCoyS9e3fuJ3AMG2zIZs2Gd1ATcSFjSA23Q0fzjjZeh0jbJvWVDZ0cJT8yaNNaaXHzueNjg==",
      "peer": true
    }
  }
}
